
Microsoft Visual Studio Solution File, Format Version 12.00
# Visual Studio 15
VisualStudioVersion = 15.0.27703.2035
MinimumVisualStudioVersion = 10.0.40219.1
Project("{9A19103F-16F7-4668-BE54-9A1E7A4F7556}") = "BackupService.Integration", "BackupService.Integration\BackupService.Integration.csproj", "{D4B528B2-9BBA-41AC-91F7-6812EF84E55C}"
EndProject
Project("{9A19103F-16F7-4668-BE54-9A1E7A4F7556}") = "Tests", "Tests\Tests.csproj", "{B3297800-EB12-485B-81C4-8D9EE932CBAC}"
EndProject
Project("{9A19103F-16F7-4668-BE54-9A1E7A4F7556}") = "Domain", "Domain\Domain.csproj", "{D3A2E383-2A25-4A38-A399-531FFD15CCC1}"
EndProject
Project("{FAE04EC0-301F-11D3-BF4B-00C04F79EFBC}") = "RetentionService", "RetentionService\RetentionService.csproj", "{48D8C65D-71E5-4BAE-A70F-9E6B318D9B43}"
EndProject
Project("{FAE04EC0-301F-11D3-BF4B-00C04F79EFBC}") = "BackupService.Integration.Implementation", "BackupService.Integration.Implementation\BackupService.Integration.Implementation.csproj", "{D4F6A3AF-350E-4809-B12D-4AB7BC066277}"
EndProject
Global
	GlobalSection(SolutionConfigurationPlatforms) = preSolution
		Debug|Any CPU = Debug|Any CPU
		Release|Any CPU = Release|Any CPU
	EndGlobalSection
	GlobalSection(ProjectConfigurationPlatforms) = postSolution
		{D4B528B2-9BBA-41AC-91F7-6812EF84E55C}.Debug|Any CPU.ActiveCfg = Debug|Any CPU
		{D4B528B2-9BBA-41AC-91F7-6812EF84E55C}.Debug|Any CPU.Build.0 = Debug|Any CPU
		{D4B528B2-9BBA-41AC-91F7-6812EF84E55C}.Release|Any CPU.ActiveCfg = Release|Any CPU
		{D4B528B2-9BBA-41AC-91F7-6812EF84E55C}.Release|Any CPU.Build.0 = Release|Any CPU
		{B3297800-EB12-485B-81C4-8D9EE932CBAC}.Debug|Any CPU.ActiveCfg = Debug|Any CPU
		{B3297800-EB12-485B-81C4-8D9EE932CBAC}.Debug|Any CPU.Build.0 = Debug|Any CPU
		{B3297800-EB12-485B-81C4-8D9EE932CBAC}.Release|Any CPU.ActiveCfg = Release|Any CPU
		{B3297800-EB12-485B-81C4-8D9EE932CBAC}.Release|Any CPU.Build.0 = Release|Any CPU
		{D3A2E383-2A25-4A38-A399-531FFD15CCC1}.Debug|Any CPU.ActiveCfg = Debug|Any CPU
		{D3A2E383-2A25-4A38-A399-531FFD15CCC1}.Debug|Any CPU.Build.0 = Debug|Any CPU
		{D3A2E383-2A25-4A38-A399-531FFD15CCC1}.Release|Any CPU.ActiveCfg = Release|Any CPU
		{D3A2E383-2A25-4A38-A399-531FFD15CCC1}.Release|Any CPU.Build.0 = Release|Any CPU
		{48D8C65D-71E5-4BAE-A70F-9E6B318D9B43}.Debug|Any CPU.ActiveCfg = Debug|Any CPU
		{48D8C65D-71E5-4BAE-A70F-9E6B318D9B43}.Debug|Any CPU.Build.0 = Debug|Any CPU
		{48D8C65D-71E5-4BAE-A70F-9E6B318D9B43}.Release|Any CPU.ActiveCfg = Release|Any CPU
		{48D8C65D-71E5-4BAE-A70F-9E6B318D9B43}.Release|Any CPU.Build.0 = Release|Any CPU
		{D4F6A3AF-350E-4809-B12D-4AB7BC066277}.Debug|Any CPU.ActiveCfg = Debug|Any CPU
		{D4F6A3AF-350E-4809-B12D-4AB7BC066277}.Debug|Any CPU.Build.0 = Debug|Any CPU
		{D4F6A3AF-350E-4809-B12D-4AB7BC066277}.Release|Any CPU.ActiveCfg = Release|Any CPU
		{D4F6A3AF-350E-4809-B12D-4AB7BC066277}.Release|Any CPU.Build.0 = Release|Any CPU
	EndGlobalSection
	GlobalSection(SolutionProperties) = preSolution
		HideSolutionNode = FALSE
	EndGlobalSection
	GlobalSection(ExtensibilityGlobals) = postSolution
		SolutionGuid = {AD04B7FC-CCD5-438D-9B61-760EA601C349}
	EndGlobalSection
EndGlobal
